
Microsoft Visual Studio Solution File, Format Version 12.00
# Visual Studio 14
VisualStudioVersion = 14.0.25123.0
MinimumVisualStudioVersion = 10.0.40219.1
Project("{FAE04EC0-301F-11D3-BF4B-00C04F79EFBC}") = "_001stirng", "_001stirng\_001stirng.csproj", "{F2FC1F63-F8AD-4985-A790-E9F62A84D58D}"
EndProject
Global
	GlobalSection(SolutionConfigurationPlatforms) = preSolution
		Debug|Any CPU = Debug|Any CPU
		Release|Any CPU = Release|Any CPU
	EndGlobalSection
	GlobalSection(ProjectConfigurationPlatforms) = postSolution
		{F2FC1F63-F8AD-4985-A790-E9F62A84D58D}.Debug|Any CPU.ActiveCfg = Debug|Any CPU
		{F2FC1F63-F8AD-4985-A790-E9F62A84D58D}.Debug|Any CPU.Build.0 = Debug|Any CPU
		{F2FC1F63-F8AD-4985-A790-E9F62A84D58D}.Release|Any CPU.ActiveCfg = Release|Any CPU
		{F2FC1F63-F8AD-4985-A790-E9F62A84D58D}.Release|Any CPU.Build.0 = Release|Any CPU
	EndGlobalSection
	GlobalSection(SolutionProperties) = preSolution
		HideSolutionNode = FALSE
	EndGlobalSection
EndGlobal
