
Microsoft Visual Studio Solution File, Format Version 12.00
# Visual Studio 14
VisualStudioVersion = 14.0.25123.0
MinimumVisualStudioVersion = 10.0.40219.1
Project("{FAE04EC0-301F-11D3-BF4B-00C04F79EFBC}") = "_001stirng", "_001stirng\_001stirng.csproj", "{F2FC1F63-F8AD-4985-A790-E9F62A84D58D}"
EndProject
Project("{FAE04EC0-301F-11D3-BF4B-00C04F79EFBC}") = "_001Regex", "_001Regex\_001Regex.csproj", "{EEF88960-F36A-4704-8558-828229D93904}"
EndProject
Project("{FAE04EC0-301F-11D3-BF4B-00C04F79EFBC}") = "_FSM12_05", "_FSM12_05\_FSM12_05.csproj", "{8D1FEFF3-D7F6-4DB7-BC10-7E63EAE215EA}"
EndProject
Project("{FAE04EC0-301F-11D3-BF4B-00C04F79EFBC}") = "_002delegte", "_002delegte\_002delegte.csproj", "{12B98B0A-0600-4D71-AC98-2E5F1C4D389B}"
EndProject
Project("{FAE04EC0-301F-11D3-BF4B-00C04F79EFBC}") = "_002events", "_002events\_002events.csproj", "{47C88389-FA74-4AF4-A22E-1E65BBBBA876}"
EndProject
Project("{F088123C-0E9E-452A-89E6-6BA2F21D5CAC}") = "ModelingProject1", "ModelingProject1\ModelingProject1.modelproj", "{22668607-7D27-4953-8F69-6901D8A083B3}"
EndProject
Project("{FAE04EC0-301F-11D3-BF4B-00C04F79EFBC}") = "ModelingProject1Lib", "ModelingProject1Lib\ModelingProject1Lib.csproj", "{7E279205-D046-4494-BCEE-DC7BB03C28E7}"
EndProject
Project("{FAE04EC0-301F-11D3-BF4B-00C04F79EFBC}") = "_003LINQ", "_003LINQ\_003LINQ.csproj", "{24E56C8F-4B72-48AF-BCD1-BE29C4625FB6}"
EndProject
Project("{FAE04EC0-301F-11D3-BF4B-00C04F79EFBC}") = "_004attribute", "_004attribute\_004attribute.csproj", "{5D353668-73AF-41D7-ACE1-363FB1D8B27B}"
EndProject
Project("{FAE04EC0-301F-11D3-BF4B-00C04F79EFBC}") = "_005thread", "_005thread\_005thread.csproj", "{2A781312-C77B-41F9-86E3-D26C639C1E64}"
EndProject
Project("{FAE04EC0-301F-11D3-BF4B-00C04F79EFBC}") = "_005ThreadPool", "_005ThreadPool\_005ThreadPool.csproj", "{A6388EE0-FA86-494F-9B46-0F0664B7CE90}"
EndProject
Project("{FAE04EC0-301F-11D3-BF4B-00C04F79EFBC}") = "_006SocketServer", "_006Socket\_006SocketServer.csproj", "{80A1312B-E9C7-4E44-92B6-3E2B74C1C33B}"
EndProject
Project("{FAE04EC0-301F-11D3-BF4B-00C04F79EFBC}") = "_006ChatRoomServer", "_006ChatRoomServer\_006ChatRoomServer.csproj", "{187285F3-C099-4923-8E7F-7A037F58FB4A}"
EndProject
Project("{FAE04EC0-301F-11D3-BF4B-00C04F79EFBC}") = "_FSM12_12", "_FSM12_12\_FSM12_12.csproj", "{7E1E416B-36CA-4B6A-8A13-BFAC34AFABD3}"
EndProject
Project("{FAE04EC0-301F-11D3-BF4B-00C04F79EFBC}") = "_006SocketServerUDP", "_006SocketServerUDP\_006SocketServerUDP.csproj", "{C461F592-746E-4D5A-B022-064749837D6D}"
EndProject
Project("{FAE04EC0-301F-11D3-BF4B-00C04F79EFBC}") = "_006TCPListenner", "_006TCPListenner\_006TCPListenner.csproj", "{B4FF872F-6804-4E44-8A67-A2C34F8952A2}"
EndProject
Project("{FAE04EC0-301F-11D3-BF4B-00C04F79EFBC}") = "_006UDPClient", "_006UDPClient\_006UDPClient.csproj", "{556971F6-792E-43BD-A6CB-A507567C57D6}"
EndProject
Project("{FAE04EC0-301F-11D3-BF4B-00C04F79EFBC}") = "_007File", "_007File\_007File.csproj", "{3BEA9BDF-24A7-4EAE-8F4B-52055C583CE8}"
EndProject
Project("{FAE04EC0-301F-11D3-BF4B-00C04F79EFBC}") = "_007使用File读写文件", "_007使用File读写文件\_007使用File读写文件.csproj", "{81E0AD48-159F-4F05-8D30-AE1780499AC1}"
EndProject
Project("{FAE04EC0-301F-11D3-BF4B-00C04F79EFBC}") = "_007使用FileStream读写文件", "_007使用FileStream读写文件\_007使用FileStream读写文件.csproj", "{BDD3E310-E72F-4BF8-B371-270BFDB51D81}"
EndProject
Project("{FAE04EC0-301F-11D3-BF4B-00C04F79EFBC}") = "_007使用StreamReader和StreamWriter", "_007使用StreamReader和StreamWriter\_007使用StreamReader和StreamWriter.csproj", "{D6F2F6A3-3A06-4479-96CA-284CB896BBA7}"
EndProject
Project("{FAE04EC0-301F-11D3-BF4B-00C04F79EFBC}") = "_008xml操作", "_008xml操作\_008xml操作.csproj", "{3D26F147-A570-46CF-B609-3C569AA2EC54}"
EndProject
Project("{FAE04EC0-301F-11D3-BF4B-00C04F79EFBC}") = "_008xml解析技能信息", "_008xml解析技能信息\_008xml解析技能信息.csproj", "{A9B0FFAC-28A7-489B-839A-6E79CD932999}"
EndProject
Project("{FAE04EC0-301F-11D3-BF4B-00C04F79EFBC}") = "_009json操作", "_009json操作\_009json操作.csproj", "{4CCBFBDB-48C2-48BA-8E06-997B6E65131E}"
EndProject
Project("{FAE04EC0-301F-11D3-BF4B-00C04F79EFBC}") = "_010Excel操作", "_010Excel操作\_010Excel操作.csproj", "{42884446-EEEB-4CF5-9933-D8B964EAECBF}"
EndProject
Project("{FAE04EC0-301F-11D3-BF4B-00C04F79EFBC}") = "_011网络爬虫Demo", "_011网络爬虫Demo\_011网络爬虫Demo.csproj", "{A9076FEB-A672-4E53-BB0D-EA3B77FFBD86}"
EndProject
Project("{FAE04EC0-301F-11D3-BF4B-00C04F79EFBC}") = "_FSM12_12Tests", "_FSM12_12Tests\_FSM12_12Tests.csproj", "{77D0EE34-2E37-434F-A668-393181140B23}"
EndProject
Project("{FAE04EC0-301F-11D3-BF4B-00C04F79EFBC}") = "_Wolf", "_Wolf\_Wolf.csproj", "{281A8975-18AB-4268-B741-6A33CC85C7AC}"
EndProject
Global
	GlobalSection(SolutionConfigurationPlatforms) = preSolution
		Debug|Any CPU = Debug|Any CPU
		Debug|x64 = Debug|x64
		Debug|x86 = Debug|x86
		Release|Any CPU = Release|Any CPU
		Release|x64 = Release|x64
		Release|x86 = Release|x86
	EndGlobalSection
	GlobalSection(ProjectConfigurationPlatforms) = postSolution
		{F2FC1F63-F8AD-4985-A790-E9F62A84D58D}.Debug|Any CPU.ActiveCfg = Debug|Any CPU
		{F2FC1F63-F8AD-4985-A790-E9F62A84D58D}.Debug|Any CPU.Build.0 = Debug|Any CPU
		{F2FC1F63-F8AD-4985-A790-E9F62A84D58D}.Debug|x64.ActiveCfg = Debug|Any CPU
		{F2FC1F63-F8AD-4985-A790-E9F62A84D58D}.Debug|x64.Build.0 = Debug|Any CPU
		{F2FC1F63-F8AD-4985-A790-E9F62A84D58D}.Debug|x86.ActiveCfg = Debug|Any CPU
		{F2FC1F63-F8AD-4985-A790-E9F62A84D58D}.Debug|x86.Build.0 = Debug|Any CPU
		{F2FC1F63-F8AD-4985-A790-E9F62A84D58D}.Release|Any CPU.ActiveCfg = Release|Any CPU
		{F2FC1F63-F8AD-4985-A790-E9F62A84D58D}.Release|Any CPU.Build.0 = Release|Any CPU
		{F2FC1F63-F8AD-4985-A790-E9F62A84D58D}.Release|x64.ActiveCfg = Release|Any CPU
		{F2FC1F63-F8AD-4985-A790-E9F62A84D58D}.Release|x64.Build.0 = Release|Any CPU
		{F2FC1F63-F8AD-4985-A790-E9F62A84D58D}.Release|x86.ActiveCfg = Release|Any CPU
		{F2FC1F63-F8AD-4985-A790-E9F62A84D58D}.Release|x86.Build.0 = Release|Any CPU
		{EEF88960-F36A-4704-8558-828229D93904}.Debug|Any CPU.ActiveCfg = Debug|Any CPU
		{EEF88960-F36A-4704-8558-828229D93904}.Debug|Any CPU.Build.0 = Debug|Any CPU
		{EEF88960-F36A-4704-8558-828229D93904}.Debug|x64.ActiveCfg = Debug|Any CPU
		{EEF88960-F36A-4704-8558-828229D93904}.Debug|x64.Build.0 = Debug|Any CPU
		{EEF88960-F36A-4704-8558-828229D93904}.Debug|x86.ActiveCfg = Debug|Any CPU
		{EEF88960-F36A-4704-8558-828229D93904}.Debug|x86.Build.0 = Debug|Any CPU
		{EEF88960-F36A-4704-8558-828229D93904}.Release|Any CPU.ActiveCfg = Release|Any CPU
		{EEF88960-F36A-4704-8558-828229D93904}.Release|Any CPU.Build.0 = Release|Any CPU
		{EEF88960-F36A-4704-8558-828229D93904}.Release|x64.ActiveCfg = Release|Any CPU
		{EEF88960-F36A-4704-8558-828229D93904}.Release|x64.Build.0 = Release|Any CPU
		{EEF88960-F36A-4704-8558-828229D93904}.Release|x86.ActiveCfg = Release|Any CPU
		{EEF88960-F36A-4704-8558-828229D93904}.Release|x86.Build.0 = Release|Any CPU
		{8D1FEFF3-D7F6-4DB7-BC10-7E63EAE215EA}.Debug|Any CPU.ActiveCfg = Debug|Any CPU
		{8D1FEFF3-D7F6-4DB7-BC10-7E63EAE215EA}.Debug|Any CPU.Build.0 = Debug|Any CPU
		{8D1FEFF3-D7F6-4DB7-BC10-7E63EAE215EA}.Debug|x64.ActiveCfg = Debug|Any CPU
		{8D1FEFF3-D7F6-4DB7-BC10-7E63EAE215EA}.Debug|x64.Build.0 = Debug|Any CPU
		{8D1FEFF3-D7F6-4DB7-BC10-7E63EAE215EA}.Debug|x86.ActiveCfg = Debug|Any CPU
		{8D1FEFF3-D7F6-4DB7-BC10-7E63EAE215EA}.Debug|x86.Build.0 = Debug|Any CPU
		{8D1FEFF3-D7F6-4DB7-BC10-7E63EAE215EA}.Release|Any CPU.ActiveCfg = Release|Any CPU
		{8D1FEFF3-D7F6-4DB7-BC10-7E63EAE215EA}.Release|Any CPU.Build.0 = Release|Any CPU
		{8D1FEFF3-D7F6-4DB7-BC10-7E63EAE215EA}.Release|x64.ActiveCfg = Release|Any CPU
		{8D1FEFF3-D7F6-4DB7-BC10-7E63EAE215EA}.Release|x64.Build.0 = Release|Any CPU
		{8D1FEFF3-D7F6-4DB7-BC10-7E63EAE215EA}.Release|x86.ActiveCfg = Release|Any CPU
		{8D1FEFF3-D7F6-4DB7-BC10-7E63EAE215EA}.Release|x86.Build.0 = Release|Any CPU
		{12B98B0A-0600-4D71-AC98-2E5F1C4D389B}.Debug|Any CPU.ActiveCfg = Debug|Any CPU
		{12B98B0A-0600-4D71-AC98-2E5F1C4D389B}.Debug|Any CPU.Build.0 = Debug|Any CPU
		{12B98B0A-0600-4D71-AC98-2E5F1C4D389B}.Debug|x64.ActiveCfg = Debug|Any CPU
		{12B98B0A-0600-4D71-AC98-2E5F1C4D389B}.Debug|x64.Build.0 = Debug|Any CPU
		{12B98B0A-0600-4D71-AC98-2E5F1C4D389B}.Debug|x86.ActiveCfg = Debug|Any CPU
		{12B98B0A-0600-4D71-AC98-2E5F1C4D389B}.Debug|x86.Build.0 = Debug|Any CPU
		{12B98B0A-0600-4D71-AC98-2E5F1C4D389B}.Release|Any CPU.ActiveCfg = Release|Any CPU
		{12B98B0A-0600-4D71-AC98-2E5F1C4D389B}.Release|Any CPU.Build.0 = Release|Any CPU
		{12B98B0A-0600-4D71-AC98-2E5F1C4D389B}.Release|x64.ActiveCfg = Release|Any CPU
		{12B98B0A-0600-4D71-AC98-2E5F1C4D389B}.Release|x64.Build.0 = Release|Any CPU
		{12B98B0A-0600-4D71-AC98-2E5F1C4D389B}.Release|x86.ActiveCfg = Release|Any CPU
		{12B98B0A-0600-4D71-AC98-2E5F1C4D389B}.Release|x86.Build.0 = Release|Any CPU
		{47C88389-FA74-4AF4-A22E-1E65BBBBA876}.Debug|Any CPU.ActiveCfg = Debug|Any CPU
		{47C88389-FA74-4AF4-A22E-1E65BBBBA876}.Debug|Any CPU.Build.0 = Debug|Any CPU
		{47C88389-FA74-4AF4-A22E-1E65BBBBA876}.Debug|x64.ActiveCfg = Debug|Any CPU
		{47C88389-FA74-4AF4-A22E-1E65BBBBA876}.Debug|x64.Build.0 = Debug|Any CPU
		{47C88389-FA74-4AF4-A22E-1E65BBBBA876}.Debug|x86.ActiveCfg = Debug|Any CPU
		{47C88389-FA74-4AF4-A22E-1E65BBBBA876}.Debug|x86.Build.0 = Debug|Any CPU
		{47C88389-FA74-4AF4-A22E-1E65BBBBA876}.Release|Any CPU.ActiveCfg = Release|Any CPU
		{47C88389-FA74-4AF4-A22E-1E65BBBBA876}.Release|Any CPU.Build.0 = Release|Any CPU
		{47C88389-FA74-4AF4-A22E-1E65BBBBA876}.Release|x64.ActiveCfg = Release|Any CPU
		{47C88389-FA74-4AF4-A22E-1E65BBBBA876}.Release|x64.Build.0 = Release|Any CPU
		{47C88389-FA74-4AF4-A22E-1E65BBBBA876}.Release|x86.ActiveCfg = Release|Any CPU
		{47C88389-FA74-4AF4-A22E-1E65BBBBA876}.Release|x86.Build.0 = Release|Any CPU
		{22668607-7D27-4953-8F69-6901D8A083B3}.Debug|Any CPU.ActiveCfg = Debug|Any CPU
		{22668607-7D27-4953-8F69-6901D8A083B3}.Debug|Any CPU.Build.0 = Debug|Any CPU
		{22668607-7D27-4953-8F69-6901D8A083B3}.Debug|x64.ActiveCfg = Debug|Any CPU
		{22668607-7D27-4953-8F69-6901D8A083B3}.Debug|x64.Build.0 = Debug|Any CPU
		{22668607-7D27-4953-8F69-6901D8A083B3}.Debug|x86.ActiveCfg = Debug|Any CPU
		{22668607-7D27-4953-8F69-6901D8A083B3}.Debug|x86.Build.0 = Debug|Any CPU
		{22668607-7D27-4953-8F69-6901D8A083B3}.Release|Any CPU.ActiveCfg = Release|Any CPU
		{22668607-7D27-4953-8F69-6901D8A083B3}.Release|Any CPU.Build.0 = Release|Any CPU
		{22668607-7D27-4953-8F69-6901D8A083B3}.Release|x64.ActiveCfg = Release|Any CPU
		{22668607-7D27-4953-8F69-6901D8A083B3}.Release|x64.Build.0 = Release|Any CPU
		{22668607-7D27-4953-8F69-6901D8A083B3}.Release|x86.ActiveCfg = Release|Any CPU
		{22668607-7D27-4953-8F69-6901D8A083B3}.Release|x86.Build.0 = Release|Any CPU
		{7E279205-D046-4494-BCEE-DC7BB03C28E7}.Debug|Any CPU.ActiveCfg = Debug|Any CPU
		{7E279205-D046-4494-BCEE-DC7BB03C28E7}.Debug|Any CPU.Build.0 = Debug|Any CPU
		{7E279205-D046-4494-BCEE-DC7BB03C28E7}.Debug|x64.ActiveCfg = Debug|Any CPU
		{7E279205-D046-4494-BCEE-DC7BB03C28E7}.Debug|x64.Build.0 = Debug|Any CPU
		{7E279205-D046-4494-BCEE-DC7BB03C28E7}.Debug|x86.ActiveCfg = Debug|Any CPU
		{7E279205-D046-4494-BCEE-DC7BB03C28E7}.Debug|x86.Build.0 = Debug|Any CPU
		{7E279205-D046-4494-BCEE-DC7BB03C28E7}.Release|Any CPU.ActiveCfg = Release|Any CPU
		{7E279205-D046-4494-BCEE-DC7BB03C28E7}.Release|Any CPU.Build.0 = Release|Any CPU
		{7E279205-D046-4494-BCEE-DC7BB03C28E7}.Release|x64.ActiveCfg = Release|Any CPU
		{7E279205-D046-4494-BCEE-DC7BB03C28E7}.Release|x64.Build.0 = Release|Any CPU
		{7E279205-D046-4494-BCEE-DC7BB03C28E7}.Release|x86.ActiveCfg = Release|Any CPU
		{7E279205-D046-4494-BCEE-DC7BB03C28E7}.Release|x86.Build.0 = Release|Any CPU
		{24E56C8F-4B72-48AF-BCD1-BE29C4625FB6}.Debug|Any CPU.ActiveCfg = Debug|Any CPU
		{24E56C8F-4B72-48AF-BCD1-BE29C4625FB6}.Debug|Any CPU.Build.0 = Debug|Any CPU
		{24E56C8F-4B72-48AF-BCD1-BE29C4625FB6}.Debug|x64.ActiveCfg = Debug|Any CPU
		{24E56C8F-4B72-48AF-BCD1-BE29C4625FB6}.Debug|x64.Build.0 = Debug|Any CPU
		{24E56C8F-4B72-48AF-BCD1-BE29C4625FB6}.Debug|x86.ActiveCfg = Debug|Any CPU
		{24E56C8F-4B72-48AF-BCD1-BE29C4625FB6}.Debug|x86.Build.0 = Debug|Any CPU
		{24E56C8F-4B72-48AF-BCD1-BE29C4625FB6}.Release|Any CPU.ActiveCfg = Release|Any CPU
		{24E56C8F-4B72-48AF-BCD1-BE29C4625FB6}.Release|Any CPU.Build.0 = Release|Any CPU
		{24E56C8F-4B72-48AF-BCD1-BE29C4625FB6}.Release|x64.ActiveCfg = Release|Any CPU
		{24E56C8F-4B72-48AF-BCD1-BE29C4625FB6}.Release|x64.Build.0 = Release|Any CPU
		{24E56C8F-4B72-48AF-BCD1-BE29C4625FB6}.Release|x86.ActiveCfg = Release|Any CPU
		{24E56C8F-4B72-48AF-BCD1-BE29C4625FB6}.Release|x86.Build.0 = Release|Any CPU
		{5D353668-73AF-41D7-ACE1-363FB1D8B27B}.Debug|Any CPU.ActiveCfg = Debug|Any CPU
		{5D353668-73AF-41D7-ACE1-363FB1D8B27B}.Debug|Any CPU.Build.0 = Debug|Any CPU
		{5D353668-73AF-41D7-ACE1-363FB1D8B27B}.Debug|x64.ActiveCfg = Debug|Any CPU
		{5D353668-73AF-41D7-ACE1-363FB1D8B27B}.Debug|x64.Build.0 = Debug|Any CPU
		{5D353668-73AF-41D7-ACE1-363FB1D8B27B}.Debug|x86.ActiveCfg = Debug|Any CPU
		{5D353668-73AF-41D7-ACE1-363FB1D8B27B}.Debug|x86.Build.0 = Debug|Any CPU
		{5D353668-73AF-41D7-ACE1-363FB1D8B27B}.Release|Any CPU.ActiveCfg = Release|Any CPU
		{5D353668-73AF-41D7-ACE1-363FB1D8B27B}.Release|Any CPU.Build.0 = Release|Any CPU
		{5D353668-73AF-41D7-ACE1-363FB1D8B27B}.Release|x64.ActiveCfg = Release|Any CPU
		{5D353668-73AF-41D7-ACE1-363FB1D8B27B}.Release|x64.Build.0 = Release|Any CPU
		{5D353668-73AF-41D7-ACE1-363FB1D8B27B}.Release|x86.ActiveCfg = Release|Any CPU
		{5D353668-73AF-41D7-ACE1-363FB1D8B27B}.Release|x86.Build.0 = Release|Any CPU
		{2A781312-C77B-41F9-86E3-D26C639C1E64}.Debug|Any CPU.ActiveCfg = Debug|Any CPU
		{2A781312-C77B-41F9-86E3-D26C639C1E64}.Debug|Any CPU.Build.0 = Debug|Any CPU
		{2A781312-C77B-41F9-86E3-D26C639C1E64}.Debug|x64.ActiveCfg = Debug|Any CPU
		{2A781312-C77B-41F9-86E3-D26C639C1E64}.Debug|x64.Build.0 = Debug|Any CPU
		{2A781312-C77B-41F9-86E3-D26C639C1E64}.Debug|x86.ActiveCfg = Debug|Any CPU
		{2A781312-C77B-41F9-86E3-D26C639C1E64}.Debug|x86.Build.0 = Debug|Any CPU
		{2A781312-C77B-41F9-86E3-D26C639C1E64}.Release|Any CPU.ActiveCfg = Release|Any CPU
		{2A781312-C77B-41F9-86E3-D26C639C1E64}.Release|Any CPU.Build.0 = Release|Any CPU
		{2A781312-C77B-41F9-86E3-D26C639C1E64}.Release|x64.ActiveCfg = Release|Any CPU
		{2A781312-C77B-41F9-86E3-D26C639C1E64}.Release|x64.Build.0 = Release|Any CPU
		{2A781312-C77B-41F9-86E3-D26C639C1E64}.Release|x86.ActiveCfg = Release|Any CPU
		{2A781312-C77B-41F9-86E3-D26C639C1E64}.Release|x86.Build.0 = Release|Any CPU
		{A6388EE0-FA86-494F-9B46-0F0664B7CE90}.Debug|Any CPU.ActiveCfg = Debug|Any CPU
		{A6388EE0-FA86-494F-9B46-0F0664B7CE90}.Debug|Any CPU.Build.0 = Debug|Any CPU
		{A6388EE0-FA86-494F-9B46-0F0664B7CE90}.Debug|x64.ActiveCfg = Debug|Any CPU
		{A6388EE0-FA86-494F-9B46-0F0664B7CE90}.Debug|x64.Build.0 = Debug|Any CPU
		{A6388EE0-FA86-494F-9B46-0F0664B7CE90}.Debug|x86.ActiveCfg = Debug|Any CPU
		{A6388EE0-FA86-494F-9B46-0F0664B7CE90}.Debug|x86.Build.0 = Debug|Any CPU
		{A6388EE0-FA86-494F-9B46-0F0664B7CE90}.Release|Any CPU.ActiveCfg = Release|Any CPU
		{A6388EE0-FA86-494F-9B46-0F0664B7CE90}.Release|Any CPU.Build.0 = Release|Any CPU
		{A6388EE0-FA86-494F-9B46-0F0664B7CE90}.Release|x64.ActiveCfg = Release|Any CPU
		{A6388EE0-FA86-494F-9B46-0F0664B7CE90}.Release|x64.Build.0 = Release|Any CPU
		{A6388EE0-FA86-494F-9B46-0F0664B7CE90}.Release|x86.ActiveCfg = Release|Any CPU
		{A6388EE0-FA86-494F-9B46-0F0664B7CE90}.Release|x86.Build.0 = Release|Any CPU
		{80A1312B-E9C7-4E44-92B6-3E2B74C1C33B}.Debug|Any CPU.ActiveCfg = Debug|Any CPU
		{80A1312B-E9C7-4E44-92B6-3E2B74C1C33B}.Debug|Any CPU.Build.0 = Debug|Any CPU
		{80A1312B-E9C7-4E44-92B6-3E2B74C1C33B}.Debug|x64.ActiveCfg = Debug|Any CPU
		{80A1312B-E9C7-4E44-92B6-3E2B74C1C33B}.Debug|x64.Build.0 = Debug|Any CPU
		{80A1312B-E9C7-4E44-92B6-3E2B74C1C33B}.Debug|x86.ActiveCfg = Debug|Any CPU
		{80A1312B-E9C7-4E44-92B6-3E2B74C1C33B}.Debug|x86.Build.0 = Debug|Any CPU
		{80A1312B-E9C7-4E44-92B6-3E2B74C1C33B}.Release|Any CPU.ActiveCfg = Release|Any CPU
		{80A1312B-E9C7-4E44-92B6-3E2B74C1C33B}.Release|Any CPU.Build.0 = Release|Any CPU
		{80A1312B-E9C7-4E44-92B6-3E2B74C1C33B}.Release|x64.ActiveCfg = Release|Any CPU
		{80A1312B-E9C7-4E44-92B6-3E2B74C1C33B}.Release|x64.Build.0 = Release|Any CPU
		{80A1312B-E9C7-4E44-92B6-3E2B74C1C33B}.Release|x86.ActiveCfg = Release|Any CPU
		{80A1312B-E9C7-4E44-92B6-3E2B74C1C33B}.Release|x86.Build.0 = Release|Any CPU
		{187285F3-C099-4923-8E7F-7A037F58FB4A}.Debug|Any CPU.ActiveCfg = Debug|Any CPU
		{187285F3-C099-4923-8E7F-7A037F58FB4A}.Debug|Any CPU.Build.0 = Debug|Any CPU
		{187285F3-C099-4923-8E7F-7A037F58FB4A}.Debug|x64.ActiveCfg = Debug|Any CPU
		{187285F3-C099-4923-8E7F-7A037F58FB4A}.Debug|x64.Build.0 = Debug|Any CPU
		{187285F3-C099-4923-8E7F-7A037F58FB4A}.Debug|x86.ActiveCfg = Debug|Any CPU
		{187285F3-C099-4923-8E7F-7A037F58FB4A}.Debug|x86.Build.0 = Debug|Any CPU
		{187285F3-C099-4923-8E7F-7A037F58FB4A}.Release|Any CPU.ActiveCfg = Release|Any CPU
		{187285F3-C099-4923-8E7F-7A037F58FB4A}.Release|Any CPU.Build.0 = Release|Any CPU
		{187285F3-C099-4923-8E7F-7A037F58FB4A}.Release|x64.ActiveCfg = Release|Any CPU
		{187285F3-C099-4923-8E7F-7A037F58FB4A}.Release|x64.Build.0 = Release|Any CPU
		{187285F3-C099-4923-8E7F-7A037F58FB4A}.Release|x86.ActiveCfg = Release|Any CPU
		{187285F3-C099-4923-8E7F-7A037F58FB4A}.Release|x86.Build.0 = Release|Any CPU
		{7E1E416B-36CA-4B6A-8A13-BFAC34AFABD3}.Debug|Any CPU.ActiveCfg = Debug|Any CPU
		{7E1E416B-36CA-4B6A-8A13-BFAC34AFABD3}.Debug|Any CPU.Build.0 = Debug|Any CPU
		{7E1E416B-36CA-4B6A-8A13-BFAC34AFABD3}.Debug|x64.ActiveCfg = Debug|Any CPU
		{7E1E416B-36CA-4B6A-8A13-BFAC34AFABD3}.Debug|x64.Build.0 = Debug|Any CPU
		{7E1E416B-36CA-4B6A-8A13-BFAC34AFABD3}.Debug|x86.ActiveCfg = Debug|Any CPU
		{7E1E416B-36CA-4B6A-8A13-BFAC34AFABD3}.Debug|x86.Build.0 = Debug|Any CPU
		{7E1E416B-36CA-4B6A-8A13-BFAC34AFABD3}.Release|Any CPU.ActiveCfg = Release|Any CPU
		{7E1E416B-36CA-4B6A-8A13-BFAC34AFABD3}.Release|Any CPU.Build.0 = Release|Any CPU
		{7E1E416B-36CA-4B6A-8A13-BFAC34AFABD3}.Release|x64.ActiveCfg = Release|Any CPU
		{7E1E416B-36CA-4B6A-8A13-BFAC34AFABD3}.Release|x64.Build.0 = Release|Any CPU
		{7E1E416B-36CA-4B6A-8A13-BFAC34AFABD3}.Release|x86.ActiveCfg = Release|Any CPU
		{7E1E416B-36CA-4B6A-8A13-BFAC34AFABD3}.Release|x86.Build.0 = Release|Any CPU
		{C461F592-746E-4D5A-B022-064749837D6D}.Debug|Any CPU.ActiveCfg = Debug|Any CPU
		{C461F592-746E-4D5A-B022-064749837D6D}.Debug|Any CPU.Build.0 = Debug|Any CPU
		{C461F592-746E-4D5A-B022-064749837D6D}.Debug|x64.ActiveCfg = Debug|Any CPU
		{C461F592-746E-4D5A-B022-064749837D6D}.Debug|x64.Build.0 = Debug|Any CPU
		{C461F592-746E-4D5A-B022-064749837D6D}.Debug|x86.ActiveCfg = Debug|Any CPU
		{C461F592-746E-4D5A-B022-064749837D6D}.Debug|x86.Build.0 = Debug|Any CPU
		{C461F592-746E-4D5A-B022-064749837D6D}.Release|Any CPU.ActiveCfg = Release|Any CPU
		{C461F592-746E-4D5A-B022-064749837D6D}.Release|Any CPU.Build.0 = Release|Any CPU
		{C461F592-746E-4D5A-B022-064749837D6D}.Release|x64.ActiveCfg = Release|Any CPU
		{C461F592-746E-4D5A-B022-064749837D6D}.Release|x64.Build.0 = Release|Any CPU
		{C461F592-746E-4D5A-B022-064749837D6D}.Release|x86.ActiveCfg = Release|Any CPU
		{C461F592-746E-4D5A-B022-064749837D6D}.Release|x86.Build.0 = Release|Any CPU
		{B4FF872F-6804-4E44-8A67-A2C34F8952A2}.Debug|Any CPU.ActiveCfg = Debug|Any CPU
		{B4FF872F-6804-4E44-8A67-A2C34F8952A2}.Debug|Any CPU.Build.0 = Debug|Any CPU
		{B4FF872F-6804-4E44-8A67-A2C34F8952A2}.Debug|x64.ActiveCfg = Debug|Any CPU
		{B4FF872F-6804-4E44-8A67-A2C34F8952A2}.Debug|x64.Build.0 = Debug|Any CPU
		{B4FF872F-6804-4E44-8A67-A2C34F8952A2}.Debug|x86.ActiveCfg = Debug|Any CPU
		{B4FF872F-6804-4E44-8A67-A2C34F8952A2}.Debug|x86.Build.0 = Debug|Any CPU
		{B4FF872F-6804-4E44-8A67-A2C34F8952A2}.Release|Any CPU.ActiveCfg = Release|Any CPU
		{B4FF872F-6804-4E44-8A67-A2C34F8952A2}.Release|Any CPU.Build.0 = Release|Any CPU
		{B4FF872F-6804-4E44-8A67-A2C34F8952A2}.Release|x64.ActiveCfg = Release|Any CPU
		{B4FF872F-6804-4E44-8A67-A2C34F8952A2}.Release|x64.Build.0 = Release|Any CPU
		{B4FF872F-6804-4E44-8A67-A2C34F8952A2}.Release|x86.ActiveCfg = Release|Any CPU
		{B4FF872F-6804-4E44-8A67-A2C34F8952A2}.Release|x86.Build.0 = Release|Any CPU
		{556971F6-792E-43BD-A6CB-A507567C57D6}.Debug|Any CPU.ActiveCfg = Debug|Any CPU
		{556971F6-792E-43BD-A6CB-A507567C57D6}.Debug|Any CPU.Build.0 = Debug|Any CPU
		{556971F6-792E-43BD-A6CB-A507567C57D6}.Debug|x64.ActiveCfg = Debug|Any CPU
		{556971F6-792E-43BD-A6CB-A507567C57D6}.Debug|x64.Build.0 = Debug|Any CPU
		{556971F6-792E-43BD-A6CB-A507567C57D6}.Debug|x86.ActiveCfg = Debug|Any CPU
		{556971F6-792E-43BD-A6CB-A507567C57D6}.Debug|x86.Build.0 = Debug|Any CPU
		{556971F6-792E-43BD-A6CB-A507567C57D6}.Release|Any CPU.ActiveCfg = Release|Any CPU
		{556971F6-792E-43BD-A6CB-A507567C57D6}.Release|Any CPU.Build.0 = Release|Any CPU
		{556971F6-792E-43BD-A6CB-A507567C57D6}.Release|x64.ActiveCfg = Release|Any CPU
		{556971F6-792E-43BD-A6CB-A507567C57D6}.Release|x64.Build.0 = Release|Any CPU
		{556971F6-792E-43BD-A6CB-A507567C57D6}.Release|x86.ActiveCfg = Release|Any CPU
		{556971F6-792E-43BD-A6CB-A507567C57D6}.Release|x86.Build.0 = Release|Any CPU
		{3BEA9BDF-24A7-4EAE-8F4B-52055C583CE8}.Debug|Any CPU.ActiveCfg = Debug|Any CPU
		{3BEA9BDF-24A7-4EAE-8F4B-52055C583CE8}.Debug|Any CPU.Build.0 = Debug|Any CPU
		{3BEA9BDF-24A7-4EAE-8F4B-52055C583CE8}.Debug|x64.ActiveCfg = Debug|Any CPU
		{3BEA9BDF-24A7-4EAE-8F4B-52055C583CE8}.Debug|x64.Build.0 = Debug|Any CPU
		{3BEA9BDF-24A7-4EAE-8F4B-52055C583CE8}.Debug|x86.ActiveCfg = Debug|Any CPU
		{3BEA9BDF-24A7-4EAE-8F4B-52055C583CE8}.Debug|x86.Build.0 = Debug|Any CPU
		{3BEA9BDF-24A7-4EAE-8F4B-52055C583CE8}.Release|Any CPU.ActiveCfg = Release|Any CPU
		{3BEA9BDF-24A7-4EAE-8F4B-52055C583CE8}.Release|Any CPU.Build.0 = Release|Any CPU
		{3BEA9BDF-24A7-4EAE-8F4B-52055C583CE8}.Release|x64.ActiveCfg = Release|Any CPU
		{3BEA9BDF-24A7-4EAE-8F4B-52055C583CE8}.Release|x64.Build.0 = Release|Any CPU
		{3BEA9BDF-24A7-4EAE-8F4B-52055C583CE8}.Release|x86.ActiveCfg = Release|Any CPU
		{3BEA9BDF-24A7-4EAE-8F4B-52055C583CE8}.Release|x86.Build.0 = Release|Any CPU
		{81E0AD48-159F-4F05-8D30-AE1780499AC1}.Debug|Any CPU.ActiveCfg = Debug|Any CPU
		{81E0AD48-159F-4F05-8D30-AE1780499AC1}.Debug|Any CPU.Build.0 = Debug|Any CPU
		{81E0AD48-159F-4F05-8D30-AE1780499AC1}.Debug|x64.ActiveCfg = Debug|Any CPU
		{81E0AD48-159F-4F05-8D30-AE1780499AC1}.Debug|x64.Build.0 = Debug|Any CPU
		{81E0AD48-159F-4F05-8D30-AE1780499AC1}.Debug|x86.ActiveCfg = Debug|Any CPU
		{81E0AD48-159F-4F05-8D30-AE1780499AC1}.Debug|x86.Build.0 = Debug|Any CPU
		{81E0AD48-159F-4F05-8D30-AE1780499AC1}.Release|Any CPU.ActiveCfg = Release|Any CPU
		{81E0AD48-159F-4F05-8D30-AE1780499AC1}.Release|Any CPU.Build.0 = Release|Any CPU
		{81E0AD48-159F-4F05-8D30-AE1780499AC1}.Release|x64.ActiveCfg = Release|Any CPU
		{81E0AD48-159F-4F05-8D30-AE1780499AC1}.Release|x64.Build.0 = Release|Any CPU
		{81E0AD48-159F-4F05-8D30-AE1780499AC1}.Release|x86.ActiveCfg = Release|Any CPU
		{81E0AD48-159F-4F05-8D30-AE1780499AC1}.Release|x86.Build.0 = Release|Any CPU
		{BDD3E310-E72F-4BF8-B371-270BFDB51D81}.Debug|Any CPU.ActiveCfg = Debug|Any CPU
		{BDD3E310-E72F-4BF8-B371-270BFDB51D81}.Debug|Any CPU.Build.0 = Debug|Any CPU
		{BDD3E310-E72F-4BF8-B371-270BFDB51D81}.Debug|x64.ActiveCfg = Debug|Any CPU
		{BDD3E310-E72F-4BF8-B371-270BFDB51D81}.Debug|x64.Build.0 = Debug|Any CPU
		{BDD3E310-E72F-4BF8-B371-270BFDB51D81}.Debug|x86.ActiveCfg = Debug|Any CPU
		{BDD3E310-E72F-4BF8-B371-270BFDB51D81}.Debug|x86.Build.0 = Debug|Any CPU
		{BDD3E310-E72F-4BF8-B371-270BFDB51D81}.Release|Any CPU.ActiveCfg = Release|Any CPU
		{BDD3E310-E72F-4BF8-B371-270BFDB51D81}.Release|Any CPU.Build.0 = Release|Any CPU
		{BDD3E310-E72F-4BF8-B371-270BFDB51D81}.Release|x64.ActiveCfg = Release|Any CPU
		{BDD3E310-E72F-4BF8-B371-270BFDB51D81}.Release|x64.Build.0 = Release|Any CPU
		{BDD3E310-E72F-4BF8-B371-270BFDB51D81}.Release|x86.ActiveCfg = Release|Any CPU
		{BDD3E310-E72F-4BF8-B371-270BFDB51D81}.Release|x86.Build.0 = Release|Any CPU
		{D6F2F6A3-3A06-4479-96CA-284CB896BBA7}.Debug|Any CPU.ActiveCfg = Debug|Any CPU
		{D6F2F6A3-3A06-4479-96CA-284CB896BBA7}.Debug|Any CPU.Build.0 = Debug|Any CPU
		{D6F2F6A3-3A06-4479-96CA-284CB896BBA7}.Debug|x64.ActiveCfg = Debug|Any CPU
		{D6F2F6A3-3A06-4479-96CA-284CB896BBA7}.Debug|x64.Build.0 = Debug|Any CPU
		{D6F2F6A3-3A06-4479-96CA-284CB896BBA7}.Debug|x86.ActiveCfg = Debug|Any CPU
		{D6F2F6A3-3A06-4479-96CA-284CB896BBA7}.Debug|x86.Build.0 = Debug|Any CPU
		{D6F2F6A3-3A06-4479-96CA-284CB896BBA7}.Release|Any CPU.ActiveCfg = Release|Any CPU
		{D6F2F6A3-3A06-4479-96CA-284CB896BBA7}.Release|Any CPU.Build.0 = Release|Any CPU
		{D6F2F6A3-3A06-4479-96CA-284CB896BBA7}.Release|x64.ActiveCfg = Release|Any CPU
		{D6F2F6A3-3A06-4479-96CA-284CB896BBA7}.Release|x64.Build.0 = Release|Any CPU
		{D6F2F6A3-3A06-4479-96CA-284CB896BBA7}.Release|x86.ActiveCfg = Release|Any CPU
		{D6F2F6A3-3A06-4479-96CA-284CB896BBA7}.Release|x86.Build.0 = Release|Any CPU
		{3D26F147-A570-46CF-B609-3C569AA2EC54}.Debug|Any CPU.ActiveCfg = Debug|Any CPU
		{3D26F147-A570-46CF-B609-3C569AA2EC54}.Debug|Any CPU.Build.0 = Debug|Any CPU
		{3D26F147-A570-46CF-B609-3C569AA2EC54}.Debug|x64.ActiveCfg = Debug|Any CPU
		{3D26F147-A570-46CF-B609-3C569AA2EC54}.Debug|x64.Build.0 = Debug|Any CPU
		{3D26F147-A570-46CF-B609-3C569AA2EC54}.Debug|x86.ActiveCfg = Debug|Any CPU
		{3D26F147-A570-46CF-B609-3C569AA2EC54}.Debug|x86.Build.0 = Debug|Any CPU
		{3D26F147-A570-46CF-B609-3C569AA2EC54}.Release|Any CPU.ActiveCfg = Release|Any CPU
		{3D26F147-A570-46CF-B609-3C569AA2EC54}.Release|Any CPU.Build.0 = Release|Any CPU
		{3D26F147-A570-46CF-B609-3C569AA2EC54}.Release|x64.ActiveCfg = Release|Any CPU
		{3D26F147-A570-46CF-B609-3C569AA2EC54}.Release|x64.Build.0 = Release|Any CPU
		{3D26F147-A570-46CF-B609-3C569AA2EC54}.Release|x86.ActiveCfg = Release|Any CPU
		{3D26F147-A570-46CF-B609-3C569AA2EC54}.Release|x86.Build.0 = Release|Any CPU
		{A9B0FFAC-28A7-489B-839A-6E79CD932999}.Debug|Any CPU.ActiveCfg = Debug|Any CPU
		{A9B0FFAC-28A7-489B-839A-6E79CD932999}.Debug|Any CPU.Build.0 = Debug|Any CPU
		{A9B0FFAC-28A7-489B-839A-6E79CD932999}.Debug|x64.ActiveCfg = Debug|Any CPU
		{A9B0FFAC-28A7-489B-839A-6E79CD932999}.Debug|x64.Build.0 = Debug|Any CPU
		{A9B0FFAC-28A7-489B-839A-6E79CD932999}.Debug|x86.ActiveCfg = Debug|Any CPU
		{A9B0FFAC-28A7-489B-839A-6E79CD932999}.Debug|x86.Build.0 = Debug|Any CPU
		{A9B0FFAC-28A7-489B-839A-6E79CD932999}.Release|Any CPU.ActiveCfg = Release|Any CPU
		{A9B0FFAC-28A7-489B-839A-6E79CD932999}.Release|Any CPU.Build.0 = Release|Any CPU
		{A9B0FFAC-28A7-489B-839A-6E79CD932999}.Release|x64.ActiveCfg = Release|Any CPU
		{A9B0FFAC-28A7-489B-839A-6E79CD932999}.Release|x64.Build.0 = Release|Any CPU
		{A9B0FFAC-28A7-489B-839A-6E79CD932999}.Release|x86.ActiveCfg = Release|Any CPU
		{A9B0FFAC-28A7-489B-839A-6E79CD932999}.Release|x86.Build.0 = Release|Any CPU
		{4CCBFBDB-48C2-48BA-8E06-997B6E65131E}.Debug|Any CPU.ActiveCfg = Debug|Any CPU
		{4CCBFBDB-48C2-48BA-8E06-997B6E65131E}.Debug|Any CPU.Build.0 = Debug|Any CPU
		{4CCBFBDB-48C2-48BA-8E06-997B6E65131E}.Debug|x64.ActiveCfg = Debug|Any CPU
		{4CCBFBDB-48C2-48BA-8E06-997B6E65131E}.Debug|x64.Build.0 = Debug|Any CPU
		{4CCBFBDB-48C2-48BA-8E06-997B6E65131E}.Debug|x86.ActiveCfg = Debug|Any CPU
		{4CCBFBDB-48C2-48BA-8E06-997B6E65131E}.Debug|x86.Build.0 = Debug|Any CPU
		{4CCBFBDB-48C2-48BA-8E06-997B6E65131E}.Release|Any CPU.ActiveCfg = Release|Any CPU
		{4CCBFBDB-48C2-48BA-8E06-997B6E65131E}.Release|Any CPU.Build.0 = Release|Any CPU
		{4CCBFBDB-48C2-48BA-8E06-997B6E65131E}.Release|x64.ActiveCfg = Release|Any CPU
		{4CCBFBDB-48C2-48BA-8E06-997B6E65131E}.Release|x64.Build.0 = Release|Any CPU
		{4CCBFBDB-48C2-48BA-8E06-997B6E65131E}.Release|x86.ActiveCfg = Release|Any CPU
		{4CCBFBDB-48C2-48BA-8E06-997B6E65131E}.Release|x86.Build.0 = Release|Any CPU
		{42884446-EEEB-4CF5-9933-D8B964EAECBF}.Debug|Any CPU.ActiveCfg = Debug|Any CPU
		{42884446-EEEB-4CF5-9933-D8B964EAECBF}.Debug|Any CPU.Build.0 = Debug|Any CPU
		{42884446-EEEB-4CF5-9933-D8B964EAECBF}.Debug|x64.ActiveCfg = Debug|Any CPU
		{42884446-EEEB-4CF5-9933-D8B964EAECBF}.Debug|x64.Build.0 = Debug|Any CPU
		{42884446-EEEB-4CF5-9933-D8B964EAECBF}.Debug|x86.ActiveCfg = Debug|Any CPU
		{42884446-EEEB-4CF5-9933-D8B964EAECBF}.Debug|x86.Build.0 = Debug|Any CPU
		{42884446-EEEB-4CF5-9933-D8B964EAECBF}.Release|Any CPU.ActiveCfg = Release|Any CPU
		{42884446-EEEB-4CF5-9933-D8B964EAECBF}.Release|Any CPU.Build.0 = Release|Any CPU
		{42884446-EEEB-4CF5-9933-D8B964EAECBF}.Release|x64.ActiveCfg = Release|Any CPU
		{42884446-EEEB-4CF5-9933-D8B964EAECBF}.Release|x64.Build.0 = Release|Any CPU
		{42884446-EEEB-4CF5-9933-D8B964EAECBF}.Release|x86.ActiveCfg = Release|Any CPU
		{42884446-EEEB-4CF5-9933-D8B964EAECBF}.Release|x86.Build.0 = Release|Any CPU
		{A9076FEB-A672-4E53-BB0D-EA3B77FFBD86}.Debug|Any CPU.ActiveCfg = Debug|Any CPU
		{A9076FEB-A672-4E53-BB0D-EA3B77FFBD86}.Debug|Any CPU.Build.0 = Debug|Any CPU
		{A9076FEB-A672-4E53-BB0D-EA3B77FFBD86}.Debug|x64.ActiveCfg = Debug|Any CPU
		{A9076FEB-A672-4E53-BB0D-EA3B77FFBD86}.Debug|x64.Build.0 = Debug|Any CPU
		{A9076FEB-A672-4E53-BB0D-EA3B77FFBD86}.Debug|x86.ActiveCfg = Debug|Any CPU
		{A9076FEB-A672-4E53-BB0D-EA3B77FFBD86}.Debug|x86.Build.0 = Debug|Any CPU
		{A9076FEB-A672-4E53-BB0D-EA3B77FFBD86}.Release|Any CPU.ActiveCfg = Release|Any CPU
		{A9076FEB-A672-4E53-BB0D-EA3B77FFBD86}.Release|Any CPU.Build.0 = Release|Any CPU
		{A9076FEB-A672-4E53-BB0D-EA3B77FFBD86}.Release|x64.ActiveCfg = Release|Any CPU
		{A9076FEB-A672-4E53-BB0D-EA3B77FFBD86}.Release|x64.Build.0 = Release|Any CPU
		{A9076FEB-A672-4E53-BB0D-EA3B77FFBD86}.Release|x86.ActiveCfg = Release|Any CPU
		{A9076FEB-A672-4E53-BB0D-EA3B77FFBD86}.Release|x86.Build.0 = Release|Any CPU
		{77D0EE34-2E37-434F-A668-393181140B23}.Debug|Any CPU.ActiveCfg = Debug|Any CPU
		{77D0EE34-2E37-434F-A668-393181140B23}.Debug|Any CPU.Build.0 = Debug|Any CPU
		{77D0EE34-2E37-434F-A668-393181140B23}.Debug|x64.ActiveCfg = Debug|Any CPU
		{77D0EE34-2E37-434F-A668-393181140B23}.Debug|x64.Build.0 = Debug|Any CPU
		{77D0EE34-2E37-434F-A668-393181140B23}.Debug|x86.ActiveCfg = Debug|Any CPU
		{77D0EE34-2E37-434F-A668-393181140B23}.Debug|x86.Build.0 = Debug|Any CPU
		{77D0EE34-2E37-434F-A668-393181140B23}.Release|Any CPU.ActiveCfg = Release|Any CPU
		{77D0EE34-2E37-434F-A668-393181140B23}.Release|Any CPU.Build.0 = Release|Any CPU
		{77D0EE34-2E37-434F-A668-393181140B23}.Release|x64.ActiveCfg = Release|Any CPU
		{77D0EE34-2E37-434F-A668-393181140B23}.Release|x64.Build.0 = Release|Any CPU
		{77D0EE34-2E37-434F-A668-393181140B23}.Release|x86.ActiveCfg = Release|Any CPU
		{77D0EE34-2E37-434F-A668-393181140B23}.Release|x86.Build.0 = Release|Any CPU
		{281A8975-18AB-4268-B741-6A33CC85C7AC}.Debug|Any CPU.ActiveCfg = Debug|Any CPU
		{281A8975-18AB-4268-B741-6A33CC85C7AC}.Debug|Any CPU.Build.0 = Debug|Any CPU
		{281A8975-18AB-4268-B741-6A33CC85C7AC}.Debug|x64.ActiveCfg = Debug|Any CPU
		{281A8975-18AB-4268-B741-6A33CC85C7AC}.Debug|x64.Build.0 = Debug|Any CPU
		{281A8975-18AB-4268-B741-6A33CC85C7AC}.Debug|x86.ActiveCfg = Debug|Any CPU
		{281A8975-18AB-4268-B741-6A33CC85C7AC}.Debug|x86.Build.0 = Debug|Any CPU
		{281A8975-18AB-4268-B741-6A33CC85C7AC}.Release|Any CPU.ActiveCfg = Release|Any CPU
		{281A8975-18AB-4268-B741-6A33CC85C7AC}.Release|Any CPU.Build.0 = Release|Any CPU
		{281A8975-18AB-4268-B741-6A33CC85C7AC}.Release|x64.ActiveCfg = Release|Any CPU
		{281A8975-18AB-4268-B741-6A33CC85C7AC}.Release|x64.Build.0 = Release|Any CPU
		{281A8975-18AB-4268-B741-6A33CC85C7AC}.Release|x86.ActiveCfg = Release|Any CPU
		{281A8975-18AB-4268-B741-6A33CC85C7AC}.Release|x86.Build.0 = Release|Any CPU
	EndGlobalSection
	GlobalSection(SolutionProperties) = preSolution
		HideSolutionNode = FALSE
	EndGlobalSection
EndGlobal
